
Microsoft Visual Studio Solution File, Format Version 12.00
# Visual Studio Version 17
VisualStudioVersion = 17.0.31903.59
MinimumVisualStudioVersion = 10.0.40219.1
Project("{2150E333-8FDC-42A3-9474-1A3956D46DE8}") = "back", "back", "{DB59A8AA-0607-4B22-97A4-CE9C4413F368}"
EndProject
Project("{2150E333-8FDC-42A3-9474-1A3956D46DE8}") = "src", "src", "{091FA7DF-B715-4AB6-916D-046A4B790A7A}"
EndProject
Project("{FAE04EC0-301F-11D3-BF4B-00C04F79EFBC}") = "mensstore.API", "back\src\mensstore.API\mensstore.API.csproj", "{9695D757-FA58-4BE1-9926-A4FDAA72AF37}"
EndProject
Global
	GlobalSection(SolutionConfigurationPlatforms) = preSolution
		Debug|Any CPU = Debug|Any CPU
		Release|Any CPU = Release|Any CPU
	EndGlobalSection
	GlobalSection(SolutionProperties) = preSolution
		HideSolutionNode = FALSE
	EndGlobalSection
	GlobalSection(ProjectConfigurationPlatforms) = postSolution
		{9695D757-FA58-4BE1-9926-A4FDAA72AF37}.Debug|Any CPU.ActiveCfg = Debug|Any CPU
		{9695D757-FA58-4BE1-9926-A4FDAA72AF37}.Debug|Any CPU.Build.0 = Debug|Any CPU
		{9695D757-FA58-4BE1-9926-A4FDAA72AF37}.Release|Any CPU.ActiveCfg = Release|Any CPU
		{9695D757-FA58-4BE1-9926-A4FDAA72AF37}.Release|Any CPU.Build.0 = Release|Any CPU
	EndGlobalSection
	GlobalSection(NestedProjects) = preSolution
		{091FA7DF-B715-4AB6-916D-046A4B790A7A} = {DB59A8AA-0607-4B22-97A4-CE9C4413F368}
		{9695D757-FA58-4BE1-9926-A4FDAA72AF37} = {091FA7DF-B715-4AB6-916D-046A4B790A7A}
	EndGlobalSection
EndGlobal
